// !$*UTF8*$!
{
	archiveVersion = 1;
	classes = {
	};
	objectVersion = 50;
	objects = {

/* Begin PBXBuildFile section */
		3856EE67249084DA0062D7AB /* AppDelegate.swift in Sources */ = {isa = PBXBuildFile; fileRef = 3856EE66249084DA0062D7AB /* AppDelegate.swift */; };
		3856EE69249084DA0062D7AB /* SceneDelegate.swift in Sources */ = {isa = PBXBuildFile; fileRef = 3856EE68249084DA0062D7AB /* SceneDelegate.swift */; };
		3856EE6B249084DA0062D7AB /* Onboarding.swift in Sources */ = {isa = PBXBuildFile; fileRef = 3856EE6A249084DA0062D7AB /* Onboarding.swift */; };
		3856EE6D249084DC0062D7AB /* Assets.xcassets in Resources */ = {isa = PBXBuildFile; fileRef = 3856EE6C249084DC0062D7AB /* Assets.xcassets */; };
		3856EE70249084DC0062D7AB /* Preview Assets.xcassets in Resources */ = {isa = PBXBuildFile; fileRef = 3856EE6F249084DC0062D7AB /* Preview Assets.xcassets */; };
		3856EE73249084DC0062D7AB /* LaunchScreen.storyboard in Resources */ = {isa = PBXBuildFile; fileRef = 3856EE71249084DC0062D7AB /* LaunchScreen.storyboard */; };
		38F881AD2496C8F30042BA1B /* Onboarding2.swift in Sources */ = {isa = PBXBuildFile; fileRef = 38F881AC2496C8F30042BA1B /* Onboarding2.swift */; };
		38F881AF2496CEEC0042BA1B /* Onboarding3.swift in Sources */ = {isa = PBXBuildFile; fileRef = 38F881AE2496CEEC0042BA1B /* Onboarding3.swift */; };
		38F881B12496DC370042BA1B /* Onboarding4.swift in Sources */ = {isa = PBXBuildFile; fileRef = 38F881B02496DC370042BA1B /* Onboarding4.swift */; };
		38F881B3249714DF0042BA1B /* Onboarding5.swift in Sources */ = {isa = PBXBuildFile; fileRef = 38F881B2249714DF0042BA1B /* Onboarding5.swift */; };
		38F881B5249C17110042BA1B /* HomeScreen.swift in Sources */ = {isa = PBXBuildFile; fileRef = 38F881B4249C17110042BA1B /* HomeScreen.swift */; };
/* End PBXBuildFile section */

/* Begin PBXFileReference section */
		3856EE63249084DA0062D7AB /* Macros.app */ = {isa = PBXFileReference; explicitFileType = wrapper.application; includeInIndex = 0; path = Macros.app; sourceTree = BUILT_PRODUCTS_DIR; };
		3856EE66249084DA0062D7AB /* AppDelegate.swift */ = {isa = PBXFileReference; lastKnownFileType = sourcecode.swift; path = AppDelegate.swift; sourceTree = "<group>"; };
		3856EE68249084DA0062D7AB /* SceneDelegate.swift */ = {isa = PBXFileReference; lastKnownFileType = sourcecode.swift; path = SceneDelegate.swift; sourceTree = "<group>"; };
		3856EE6A249084DA0062D7AB /* Onboarding.swift */ = {isa = PBXFileReference; lastKnownFileType = sourcecode.swift; path = Onboarding.swift; sourceTree = "<group>"; };
		3856EE6C249084DC0062D7AB /* Assets.xcassets */ = {isa = PBXFileReference; lastKnownFileType = folder.assetcatalog; path = Assets.xcassets; sourceTree = "<group>"; };
		3856EE6F249084DC0062D7AB /* Preview Assets.xcassets */ = {isa = PBXFileReference; lastKnownFileType = folder.assetcatalog; path = "Preview Assets.xcassets"; sourceTree = "<group>"; };
		3856EE72249084DC0062D7AB /* Base */ = {isa = PBXFileReference; lastKnownFileType = file.storyboard; name = Base; path = Base.lproj/LaunchScreen.storyboard; sourceTree = "<group>"; };
		3856EE74249084DC0062D7AB /* Info.plist */ = {isa = PBXFileReference; lastKnownFileType = text.plist.xml; path = Info.plist; sourceTree = "<group>"; };
		38F881AC2496C8F30042BA1B /* Onboarding2.swift */ = {isa = PBXFileReference; lastKnownFileType = sourcecode.swift; path = Onboarding2.swift; sourceTree = "<group>"; };
		38F881AE2496CEEC0042BA1B /* Onboarding3.swift */ = {isa = PBXFileReference; lastKnownFileType = sourcecode.swift; path = Onboarding3.swift; sourceTree = "<group>"; };
		38F881B02496DC370042BA1B /* Onboarding4.swift */ = {isa = PBXFileReference; lastKnownFileType = sourcecode.swift; path = Onboarding4.swift; sourceTree = "<group>"; };
		38F881B2249714DF0042BA1B /* Onboarding5.swift */ = {isa = PBXFileReference; lastKnownFileType = sourcecode.swift; path = Onboarding5.swift; sourceTree = "<group>"; };
		38F881B4249C17110042BA1B /* HomeScreen.swift */ = {isa = PBXFileReference; lastKnownFileType = sourcecode.swift; path = HomeScreen.swift; sourceTree = "<group>"; };
/* End PBXFileReference section */

/* Begin PBXFrameworksBuildPhase section */
		3856EE60249084DA0062D7AB /* Frameworks */ = {
			isa = PBXFrameworksBuildPhase;
			buildActionMask = 2147483647;
			files = (
			);
			runOnlyForDeploymentPostprocessing = 0;
		};
/* End PBXFrameworksBuildPhase section */

/* Begin PBXGroup section */
		3856EE5A249084DA0062D7AB = {
			isa = PBXGroup;
			children = (
				3856EE65249084DA0062D7AB /* Macros */,
				3856EE64249084DA0062D7AB /* Products */,
			);
			sourceTree = "<group>";
		};
		3856EE64249084DA0062D7AB /* Products */ = {
			isa = PBXGroup;
			children = (
				3856EE63249084DA0062D7AB /* Macros.app */,
			);
			name = Products;
			sourceTree = "<group>";
		};
		3856EE65249084DA0062D7AB /* Macros */ = {
			isa = PBXGroup;
			children = (
				38F881AA2495CD550042BA1B /* Resources */,
				38F881AB2495CD660042BA1B /* SwiftUI */,
				3856EE6E249084DC0062D7AB /* Preview Content */,
			);
			path = Macros;
			sourceTree = "<group>";
		};
		3856EE6E249084DC0062D7AB /* Preview Content */ = {
			isa = PBXGroup;
			children = (
				3856EE6F249084DC0062D7AB /* Preview Assets.xcassets */,
			);
			path = "Preview Content";
			sourceTree = "<group>";
		};
		38F881AA2495CD550042BA1B /* Resources */ = {
			isa = PBXGroup;
			children = (
				3856EE66249084DA0062D7AB /* AppDelegate.swift */,
				3856EE68249084DA0062D7AB /* SceneDelegate.swift */,
				3856EE6C249084DC0062D7AB /* Assets.xcassets */,
				3856EE74249084DC0062D7AB /* Info.plist */,
			);
			path = Resources;
			sourceTree = "<group>";
		};
		38F881AB2495CD660042BA1B /* SwiftUI */ = {
			isa = PBXGroup;
			children = (
				3856EE6A249084DA0062D7AB /* Onboarding.swift */,
				38F881AC2496C8F30042BA1B /* Onboarding2.swift */,
				38F881AE2496CEEC0042BA1B /* Onboarding3.swift */,
				38F881B02496DC370042BA1B /* Onboarding4.swift */,
				38F881B2249714DF0042BA1B /* Onboarding5.swift */,
				3856EE71249084DC0062D7AB /* LaunchScreen.storyboard */,
				38F881B4249C17110042BA1B /* HomeScreen.swift */,
			);
			path = SwiftUI;
			sourceTree = "<group>";
		};
/* End PBXGroup section */

/* Begin PBXNativeTarget section */
		3856EE62249084DA0062D7AB /* Macros */ = {
			isa = PBXNativeTarget;
			buildConfigurationList = 3856EE77249084DC0062D7AB /* Build configuration list for PBXNativeTarget "Macros" */;
			buildPhases = (
				3856EE5F249084DA0062D7AB /* Sources */,
				3856EE60249084DA0062D7AB /* Frameworks */,
				3856EE61249084DA0062D7AB /* Resources */,
			);
			buildRules = (
			);
			dependencies = (
			);
			name = Macros;
			productName = Macros;
			productReference = 3856EE63249084DA0062D7AB /* Macros.app */;
			productType = "com.apple.product-type.application";
		};
/* End PBXNativeTarget section */

/* Begin PBXProject section */
		3856EE5B249084DA0062D7AB /* Project object */ = {
			isa = PBXProject;
			attributes = {
				LastSwiftUpdateCheck = 1150;
				LastUpgradeCheck = 1150;
				ORGANIZATIONNAME = "Alex Rhodes";
				TargetAttributes = {
					3856EE62249084DA0062D7AB = {
						CreatedOnToolsVersion = 11.5;
					};
				};
			};
			buildConfigurationList = 3856EE5E249084DA0062D7AB /* Build configuration list for PBXProject "Macros" */;
			compatibilityVersion = "Xcode 9.3";
			developmentRegion = en;
			hasScannedForEncodings = 0;
			knownRegions = (
				en,
				Base,
			);
			mainGroup = 3856EE5A249084DA0062D7AB;
			productRefGroup = 3856EE64249084DA0062D7AB /* Products */;
			projectDirPath = "";
			projectRoot = "";
			targets = (
				3856EE62249084DA0062D7AB /* Macros */,
			);
		};
/* End PBXProject section */

/* Begin PBXResourcesBuildPhase section */
		3856EE61249084DA0062D7AB /* Resources */ = {
			isa = PBXResourcesBuildPhase;
			buildActionMask = 2147483647;
			files = (
				3856EE73249084DC0062D7AB /* LaunchScreen.storyboard in Resources */,
				3856EE70249084DC0062D7AB /* Preview Assets.xcassets in Resources */,
				3856EE6D249084DC0062D7AB /* Assets.xcassets in Resources */,
			);
			runOnlyForDeploymentPostprocessing = 0;
		};
/* End PBXResourcesBuildPhase section */

/* Begin PBXSourcesBuildPhase section */
		3856EE5F249084DA0062D7AB /* Sources */ = {
			isa = PBXSourcesBuildPhase;
			buildActionMask = 2147483647;
			files = (
				38F881AD2496C8F30042BA1B /* Onboarding2.swift in Sources */,
				38F881B3249714DF0042BA1B /* Onboarding5.swift in Sources */,
				3856EE67249084DA0062D7AB /* AppDelegate.swift in Sources */,
				38F881AF2496CEEC0042BA1B /* Onboarding3.swift in Sources */,
				38F881B5249C17110042BA1B /* HomeScreen.swift in Sources */,
				38F881B12496DC370042BA1B /* Onboarding4.swift in Sources */,
				3856EE69249084DA0062D7AB /* SceneDelegate.swift in Sources */,
				3856EE6B249084DA0062D7AB /* Onboarding.swift in Sources */,
			);
			runOnlyForDeploymentPostprocessing = 0;
		};
/* End PBXSourcesBuildPhase section */

/* Begin PBXVariantGroup section */
		3856EE71249084DC0062D7AB /* LaunchScreen.storyboard */ = {
			isa = PBXVariantGroup;
			children = (
				3856EE72249084DC0062D7AB /* Base */,
			);
			name = LaunchScreen.storyboard;
			sourceTree = "<group>";
		};
/* End PBXVariantGroup section */

/* Begin XCBuildConfiguration section */
		3856EE75249084DC0062D7AB /* Debug */ = {
			isa = XCBuildConfiguration;
			buildSettings = {
				ALWAYS_SEARCH_USER_PATHS = NO;
				CLANG_ANALYZER_NONNULL = YES;
				CLANG_ANALYZER_NUMBER_OBJECT_CONVERSION = YES_AGGRESSIVE;
				CLANG_CXX_LANGUAGE_STANDARD = "gnu++14";
				CLANG_CXX_LIBRARY = "libc++";
				CLANG_ENABLE_MODULES = YES;
				CLANG_ENABLE_OBJC_ARC = YES;
				CLANG_ENABLE_OBJC_WEAK = YES;
				CLANG_WARN_BLOCK_CAPTURE_AUTORELEASING = YES;
				CLANG_WARN_BOOL_CONVERSION = YES;
				CLANG_WARN_COMMA = YES;
				CLANG_WARN_CONSTANT_CONVERSION = YES;
				CLANG_WARN_DEPRECATED_OBJC_IMPLEMENTATIONS = YES;
				CLANG_WARN_DIRECT_OBJC_ISA_USAGE = YES_ERROR;
				CLANG_WARN_DOCUMENTATION_COMMENTS = YES;
				CLANG_WARN_EMPTY_BODY = YES;
				CLANG_WARN_ENUM_CONVERSION = YES;
				CLANG_WARN_INFINITE_RECURSION = YES;
				CLANG_WARN_INT_CONVERSION = YES;
				CLANG_WARN_NON_LITERAL_NULL_CONVERSION = YES;
				CLANG_WARN_OBJC_IMPLICIT_RETAIN_SELF = YES;
				CLANG_WARN_OBJC_LITERAL_CONVERSION = YES;
				CLANG_WARN_OBJC_ROOT_CLASS = YES_ERROR;
				CLANG_WARN_RANGE_LOOP_ANALYSIS = YES;
				CLANG_WARN_STRICT_PROTOTYPES = YES;
				CLANG_WARN_SUSPICIOUS_MOVE = YES;
				CLANG_WARN_UNGUARDED_AVAILABILITY = YES_AGGRESSIVE;
				CLANG_WARN_UNREACHABLE_CODE = YES;
				CLANG_WARN__DUPLICATE_METHOD_MATCH = YES;
				COPY_PHASE_STRIP = NO;
				DEBUG_INFORMATION_FORMAT = dwarf;
				ENABLE_STRICT_OBJC_MSGSEND = YES;
				ENABLE_TESTABILITY = YES;
				GCC_C_LANGUAGE_STANDARD = gnu11;
				GCC_DYNAMIC_NO_PIC = NO;
				GCC_NO_COMMON_BLOCKS = YES;
				GCC_OPTIMIZATION_LEVEL = 0;
				GCC_PREPROCESSOR_DEFINITIONS = (
					"DEBUG=1",
					"$(inherited)",
				);
				GCC_WARN_64_TO_32_BIT_CONVERSION = YES;
				GCC_WARN_ABOUT_RETURN_TYPE = YES_ERROR;
				GCC_WARN_UNDECLARED_SELECTOR = YES;
				GCC_WARN_UNINITIALIZED_AUTOS = YES_AGGRESSIVE;
				GCC_WARN_UNUSED_FUNCTION = YES;
				GCC_WARN_UNUSED_VARIABLE = YES;
				IPHONEOS_DEPLOYMENT_TARGET = 13.5;
				MTL_ENABLE_DEBUG_INFO = INCLUDE_SOURCE;
				MTL_FAST_MATH = YES;
				ONLY_ACTIVE_ARCH = YES;
				SDKROOT = iphoneos;
				SWIFT_ACTIVE_COMPILATION_CONDITIONS = DEBUG;
				SWIFT_OPTIMIZATION_LEVEL = "-Onone";
			};
			name = Debug;
		};
		3856EE76249084DC0062D7AB /* Release */ = {
			isa = XCBuildConfiguration;
			buildSettings = {
				ALWAYS_SEARCH_USER_PATHS = NO;
				CLANG_ANALYZER_NONNULL = YES;
				CLANG_ANALYZER_NUMBER_OBJECT_CONVERSION = YES_AGGRESSIVE;
				CLANG_CXX_LANGUAGE_STANDARD = "gnu++14";
				CLANG_CXX_LIBRARY = "libc++";
				CLANG_ENABLE_MODULES = YES;
				CLANG_ENABLE_OBJC_ARC = YES;
				CLANG_ENABLE_OBJC_WEAK = YES;
				CLANG_WARN_BLOCK_CAPTURE_AUTORELEASING = YES;
				CLANG_WARN_BOOL_CONVERSION = YES;
				CLANG_WARN_COMMA = YES;
				CLANG_WARN_CONSTANT_CONVERSION = YES;
				CLANG_WARN_DEPRECATED_OBJC_IMPLEMENTATIONS = YES;
				CLANG_WARN_DIRECT_OBJC_ISA_USAGE = YES_ERROR;
				CLANG_WARN_DOCUMENTATION_COMMENTS = YES;
				CLANG_WARN_EMPTY_BODY = YES;
				CLANG_WARN_ENUM_CONVERSION = YES;
				CLANG_WARN_INFINITE_RECURSION = YES;
				CLANG_WARN_INT_CONVERSION = YES;
				CLANG_WARN_NON_LITERAL_NULL_CONVERSION = YES;
				CLANG_WARN_OBJC_IMPLICIT_RETAIN_SELF = YES;
				CLANG_WARN_OBJC_LITERAL_CONVERSION = YES;
				CLANG_WARN_OBJC_ROOT_CLASS = YES_ERROR;
				CLANG_WARN_RANGE_LOOP_ANALYSIS = YES;
				CLANG_WARN_STRICT_PROTOTYPES = YES;
				CLANG_WARN_SUSPICIOUS_MOVE = YES;
				CLANG_WARN_UNGUARDED_AVAILABILITY = YES_AGGRESSIVE;
				CLANG_WARN_UNREACHABLE_CODE = YES;
				CLANG_WARN__DUPLICATE_METHOD_MATCH = YES;
				COPY_PHASE_STRIP = NO;
				DEBUG_INFORMATION_FORMAT = "dwarf-with-dsym";
				ENABLE_NS_ASSERTIONS = NO;
				ENABLE_STRICT_OBJC_MSGSEND = YES;
				GCC_C_LANGUAGE_STANDARD = gnu11;
				GCC_NO_COMMON_BLOCKS = YES;
				GCC_WARN_64_TO_32_BIT_CONVERSION = YES;
				GCC_WARN_ABOUT_RETURN_TYPE = YES_ERROR;
				GCC_WARN_UNDECLARED_SELECTOR = YES;
				GCC_WARN_UNINITIALIZED_AUTOS = YES_AGGRESSIVE;
				GCC_WARN_UNUSED_FUNCTION = YES;
				GCC_WARN_UNUSED_VARIABLE = YES;
				IPHONEOS_DEPLOYMENT_TARGET = 13.5;
				MTL_ENABLE_DEBUG_INFO = NO;
				MTL_FAST_MATH = YES;
				SDKROOT = iphoneos;
				SWIFT_COMPILATION_MODE = wholemodule;
				SWIFT_OPTIMIZATION_LEVEL = "-O";
				VALIDATE_PRODUCT = YES;
			};
			name = Release;
		};
		3856EE78249084DC0062D7AB /* Debug */ = {
			isa = XCBuildConfiguration;
			buildSettings = {
				ASSETCATALOG_COMPILER_APPICON_NAME = AppIcon;
				CODE_SIGN_STYLE = Automatic;
				DEVELOPMENT_ASSET_PATHS = "\"Macros/Preview Content\"";
				DEVELOPMENT_TEAM = RCQFNX9QQ7;
				ENABLE_PREVIEWS = YES;
				INFOPLIST_FILE = Macros/Resources/Info.plist;
				LD_RUNPATH_SEARCH_PATHS = (
					"$(inherited)",
					"@executable_path/Frameworks",
				);
				PRODUCT_BUNDLE_IDENTIFIER = com.alexrhodes.Macros;
				PRODUCT_NAME = "$(TARGET_NAME)";
				SWIFT_VERSION = 5.0;
				TARGETED_DEVICE_FAMILY = "1,2";
			};
			name = Debug;
		};
		3856EE79249084DC0062D7AB /* Release */ = {
			isa = XCBuildConfiguration;
			buildSettings = {
				ASSETCATALOG_COMPILER_APPICON_NAME = AppIcon;
				CODE_SIGN_STYLE = Automatic;
				DEVELOPMENT_ASSET_PATHS = "\"Macros/Preview Content\"";
				DEVELOPMENT_TEAM = RCQFNX9QQ7;
				ENABLE_PREVIEWS = YES;
				INFOPLIST_FILE = Macros/Resources/Info.plist;
				LD_RUNPATH_SEARCH_PATHS = (
					"$(inherited)",
					"@executable_path/Frameworks",
				);
				PRODUCT_BUNDLE_IDENTIFIER = com.alexrhodes.Macros;
				PRODUCT_NAME = "$(TARGET_NAME)";
				SWIFT_VERSION = 5.0;
				TARGETED_DEVICE_FAMILY = "1,2";
			};
			name = Release;
		};
/* End XCBuildConfiguration section */

/* Begin XCConfigurationList section */
		3856EE5E249084DA0062D7AB /* Build configuration list for PBXProject "Macros" */ = {
			isa = XCConfigurationList;
			buildConfigurations = (
				3856EE75249084DC0062D7AB /* Debug */,
				3856EE76249084DC0062D7AB /* Release */,
			);
			defaultConfigurationIsVisible = 0;
			defaultConfigurationName = Release;
		};
		3856EE77249084DC0062D7AB /* Build configuration list for PBXNativeTarget "Macros" */ = {
			isa = XCConfigurationList;
			buildConfigurations = (
				3856EE78249084DC0062D7AB /* Debug */,
				3856EE79249084DC0062D7AB /* Release */,
			);
			defaultConfigurationIsVisible = 0;
			defaultConfigurationName = Release;
		};
/* End XCConfigurationList section */
	};
	rootObject = 3856EE5B249084DA0062D7AB /* Project object */;
}
